
Microsoft Visual Studio Solution File, Format Version 12.00
# Visual Studio Version 17
VisualStudioVersion = 17.14.36109.1
MinimumVisualStudioVersion = 10.0.40219.1
Project("{FAE04EC0-301F-11D3-BF4B-00C04F79EFBC}") = "Learn.API", "Learn.API\Learn.API.csproj", "{B2015E65-D227-49CA-A4E0-747C7C6D83DE}"
EndProject
Global
	GlobalSection(SolutionConfigurationPlatforms) = preSolution
		Debug|Any CPU = Debug|Any CPU
		Release|Any CPU = Release|Any CPU
	EndGlobalSection
	GlobalSection(ProjectConfigurationPlatforms) = postSolution
		{B2015E65-D227-49CA-A4E0-747C7C6D83DE}.Debug|Any CPU.ActiveCfg = Debug|Any CPU
		{B2015E65-D227-49CA-A4E0-747C7C6D83DE}.Debug|Any CPU.Build.0 = Debug|Any CPU
		{B2015E65-D227-49CA-A4E0-747C7C6D83DE}.Release|Any CPU.ActiveCfg = Release|Any CPU
		{B2015E65-D227-49CA-A4E0-747C7C6D83DE}.Release|Any CPU.Build.0 = Release|Any CPU
		{7654EFEC-041A-4021-A0C3-C5BA62153607}.Debug|Any CPU.ActiveCfg = Debug|Any CPU
		{7654EFEC-041A-4021-A0C3-C5BA62153607}.Debug|Any CPU.Build.0 = Debug|Any CPU
		{7654EFEC-041A-4021-A0C3-C5BA62153607}.Release|Any CPU.ActiveCfg = Release|Any CPU
		{7654EFEC-041A-4021-A0C3-C5BA62153607}.Release|Any CPU.Build.0 = Release|Any CPU
	EndGlobalSection
	GlobalSection(SolutionProperties) = preSolution
		HideSolutionNode = FALSE
	EndGlobalSection
	GlobalSection(ExtensibilityGlobals) = postSolution
		SolutionGuid = {FDC8A787-9CCD-403F-8CD6-46AB17ACA37E}
	EndGlobalSection
EndGlobal
